
Microsoft Visual Studio Solution File, Format Version 12.00
# Visual Studio Version 17
VisualStudioVersion = 17.0.32112.339
MinimumVisualStudioVersion = 10.0.40219.1
Project("{FAE04EC0-301F-11D3-BF4B-00C04F79EFBC}") = "WebApplicationTestSonar", "WebApplicationTestSonar.csproj", "{1E086ED8-C1E2-4CB5-A3E1-8DD353D09C45}"
EndProject
Global
	GlobalSection(SolutionConfigurationPlatforms) = preSolution
		Debug|Any CPU = Debug|Any CPU
		Release|Any CPU = Release|Any CPU
	EndGlobalSection
	GlobalSection(ProjectConfigurationPlatforms) = postSolution
		{1E086ED8-C1E2-4CB5-A3E1-8DD353D09C45}.Debug|Any CPU.ActiveCfg = Debug|Any CPU
		{1E086ED8-C1E2-4CB5-A3E1-8DD353D09C45}.Debug|Any CPU.Build.0 = Debug|Any CPU
		{1E086ED8-C1E2-4CB5-A3E1-8DD353D09C45}.Release|Any CPU.ActiveCfg = Release|Any CPU
		{1E086ED8-C1E2-4CB5-A3E1-8DD353D09C45}.Release|Any CPU.Build.0 = Release|Any CPU
	EndGlobalSection
	GlobalSection(SolutionProperties) = preSolution
		HideSolutionNode = FALSE
	EndGlobalSection
	GlobalSection(ExtensibilityGlobals) = postSolution
		SolutionGuid = {5F81E44D-7EE5-49A0-8D1C-5EB46967651E}
	EndGlobalSection
EndGlobal
